
Microsoft Visual Studio Solution File, Format Version 12.00
# Visual Studio 2013
VisualStudioVersion = 12.0.21005.1
MinimumVisualStudioVersion = 10.0.40219.1
Project("{FAE04EC0-301F-11D3-BF4B-00C04F79EFBC}") = "TestsCreateMem", "TestsCreateMem\TestsCreateMem.csproj", "{77E47BE1-E941-44A5-AB2B-B9F879528B4E}"
EndProject
Project("{FAE04EC0-301F-11D3-BF4B-00C04F79EFBC}") = "CreateMems", "CreateMem\CreateMems.csproj", "{2848C8DC-A951-4EB6-B5EC-5EBE78B37F2A}"
EndProject
Global
	GlobalSection(SolutionConfigurationPlatforms) = preSolution
		Debug|Any CPU = Debug|Any CPU
		Release|Any CPU = Release|Any CPU
	EndGlobalSection
	GlobalSection(ProjectConfigurationPlatforms) = postSolution
		{77E47BE1-E941-44A5-AB2B-B9F879528B4E}.Debug|Any CPU.ActiveCfg = Debug|Any CPU
		{77E47BE1-E941-44A5-AB2B-B9F879528B4E}.Debug|Any CPU.Build.0 = Debug|Any CPU
		{77E47BE1-E941-44A5-AB2B-B9F879528B4E}.Release|Any CPU.ActiveCfg = Release|Any CPU
		{77E47BE1-E941-44A5-AB2B-B9F879528B4E}.Release|Any CPU.Build.0 = Release|Any CPU
		{2848C8DC-A951-4EB6-B5EC-5EBE78B37F2A}.Debug|Any CPU.ActiveCfg = Debug|Any CPU
		{2848C8DC-A951-4EB6-B5EC-5EBE78B37F2A}.Debug|Any CPU.Build.0 = Debug|Any CPU
		{2848C8DC-A951-4EB6-B5EC-5EBE78B37F2A}.Release|Any CPU.ActiveCfg = Release|Any CPU
		{2848C8DC-A951-4EB6-B5EC-5EBE78B37F2A}.Release|Any CPU.Build.0 = Release|Any CPU
	EndGlobalSection
	GlobalSection(SolutionProperties) = preSolution
		HideSolutionNode = FALSE
	EndGlobalSection
EndGlobal
